
Microsoft Visual Studio Solution File, Format Version 12.00
# 
Project("{2150E333-8FDC-42A3-9474-1A3956D46DE8}") = "src", "src", "{EA2E37C3-76C8-4F5D-88C0-B533DACDEBAD}"
EndProject
Project("{FAE04EC0-301F-11D3-BF4B-00C04F79EFBC}") = "TradingBot.Core", "src\TradingBot.Core\TradingBot.Core.csproj", "{6E14B881-28C1-4519-9E00-4963F84BA786}"
EndProject
Project("{FAE04EC0-301F-11D3-BF4B-00C04F79EFBC}") = "TradingBot.Infrastructure", "src\TradingBot.Infrastructure\TradingBot.Infrastructure.csproj", "{C1A9095D-57D3-4B52-880A-12D42A4EA55A}"
EndProject
Project("{FAE04EC0-301F-11D3-BF4B-00C04F79EFBC}") = "TradingBot.Strategies", "src\TradingBot.Strategies\TradingBot.Strategies.csproj", "{9A3E99DE-0916-43AC-A4A2-3C9C28B441A0}"
EndProject
Project("{FAE04EC0-301F-11D3-BF4B-00C04F79EFBC}") = "TradingBot.Engine", "src\TradingBot.Engine\TradingBot.Engine.csproj", "{C0355FE0-BB53-4935-9ADB-EBE28250AB02}"
EndProject
Project("{FAE04EC0-301F-11D3-BF4B-00C04F79EFBC}") = "TradingBot.Analytics", "src\TradingBot.Analytics\TradingBot.Analytics.csproj", "{E1760B19-B8DA-4EF8-BC0E-8B0F35336722}"
EndProject
Project("{FAE04EC0-301F-11D3-BF4B-00C04F79EFBC}") = "TradingBot.Cli", "src\TradingBot.Cli\TradingBot.Cli.csproj", "{959F78B4-43D4-46F0-AB47-5C684C7E621B}"
EndProject
Project("{2150E333-8FDC-42A3-9474-1A3956D46DE8}") = "tests", "tests", "{16F01272-AE7D-4FD2-8DC4-C9F3CDACE13F}"
EndProject
Project("{FAE04EC0-301F-11D3-BF4B-00C04F79EFBC}") = "TradingBot.Core.Tests", "tests\TradingBot.Core.Tests\TradingBot.Core.Tests.csproj", "{382205CF-B354-42C6-92D1-EEF16FE345DC}"
EndProject
Project("{FAE04EC0-301F-11D3-BF4B-00C04F79EFBC}") = "TradingBot.Infrastructure.Tests", "tests\TradingBot.Infrastructure.Tests\TradingBot.Infrastructure.Tests.csproj", "{06A288B8-0557-46FF-81F2-651AABB889DE}"
EndProject
Project("{FAE04EC0-301F-11D3-BF4B-00C04F79EFBC}") = "TradingBot.Strategies.Tests", "tests\TradingBot.Strategies.Tests\TradingBot.Strategies.Tests.csproj", "{F7E10C0F-EAEE-4FFA-8529-3306FC561249}"
EndProject
Project("{FAE04EC0-301F-11D3-BF4B-00C04F79EFBC}") = "TradingBot.Engine.Tests", "tests\TradingBot.Engine.Tests\TradingBot.Engine.Tests.csproj", "{E57DCD81-725F-450F-B64E-731E17D6BAE1}"
EndProject
Project("{FAE04EC0-301F-11D3-BF4B-00C04F79EFBC}") = "TradingBot.Analytics.Tests", "tests\TradingBot.Analytics.Tests\TradingBot.Analytics.Tests.csproj", "{7B35F69B-7CC3-4FD6-9C16-B31A613F80C3}"
EndProject
Project("{FAE04EC0-301F-11D3-BF4B-00C04F79EFBC}") = "TradingBot.Cli.Tests", "tests\TradingBot.Cli.Tests\TradingBot.Cli.Tests.csproj", "{EBDDB618-A1D6-43BE-A990-7463203AF8EC}"
EndProject
Global
	GlobalSection(SolutionConfigurationPlatforms) = preSolution
		Debug|Any CPU = Debug|Any CPU
		Release|Any CPU = Release|Any CPU
	EndGlobalSection
	GlobalSection(ProjectConfigurationPlatforms) = postSolution
		{6E14B881-28C1-4519-9E00-4963F84BA786}.Debug|Any CPU.ActiveCfg = Debug|Any CPU
		{6E14B881-28C1-4519-9E00-4963F84BA786}.Debug|Any CPU.Build.0 = Debug|Any CPU
		{6E14B881-28C1-4519-9E00-4963F84BA786}.Release|Any CPU.ActiveCfg = Release|Any CPU
		{6E14B881-28C1-4519-9E00-4963F84BA786}.Release|Any CPU.Build.0 = Release|Any CPU
		{C1A9095D-57D3-4B52-880A-12D42A4EA55A}.Debug|Any CPU.ActiveCfg = Debug|Any CPU
		{C1A9095D-57D3-4B52-880A-12D42A4EA55A}.Debug|Any CPU.Build.0 = Debug|Any CPU
		{C1A9095D-57D3-4B52-880A-12D42A4EA55A}.Release|Any CPU.ActiveCfg = Release|Any CPU
		{C1A9095D-57D3-4B52-880A-12D42A4EA55A}.Release|Any CPU.Build.0 = Release|Any CPU
		{9A3E99DE-0916-43AC-A4A2-3C9C28B441A0}.Debug|Any CPU.ActiveCfg = Debug|Any CPU
		{9A3E99DE-0916-43AC-A4A2-3C9C28B441A0}.Debug|Any CPU.Build.0 = Debug|Any CPU
		{9A3E99DE-0916-43AC-A4A2-3C9C28B441A0}.Release|Any CPU.ActiveCfg = Release|Any CPU
		{9A3E99DE-0916-43AC-A4A2-3C9C28B441A0}.Release|Any CPU.Build.0 = Release|Any CPU
		{C0355FE0-BB53-4935-9ADB-EBE28250AB02}.Debug|Any CPU.ActiveCfg = Debug|Any CPU
		{C0355FE0-BB53-4935-9ADB-EBE28250AB02}.Debug|Any CPU.Build.0 = Debug|Any CPU
		{C0355FE0-BB53-4935-9ADB-EBE28250AB02}.Release|Any CPU.ActiveCfg = Release|Any CPU
		{C0355FE0-BB53-4935-9ADB-EBE28250AB02}.Release|Any CPU.Build.0 = Release|Any CPU
		{E1760B19-B8DA-4EF8-BC0E-8B0F35336722}.Debug|Any CPU.ActiveCfg = Debug|Any CPU
		{E1760B19-B8DA-4EF8-BC0E-8B0F35336722}.Debug|Any CPU.Build.0 = Debug|Any CPU
		{E1760B19-B8DA-4EF8-BC0E-8B0F35336722}.Release|Any CPU.ActiveCfg = Release|Any CPU
		{E1760B19-B8DA-4EF8-BC0E-8B0F35336722}.Release|Any CPU.Build.0 = Release|Any CPU
		{959F78B4-43D4-46F0-AB47-5C684C7E621B}.Debug|Any CPU.ActiveCfg = Debug|Any CPU
		{959F78B4-43D4-46F0-AB47-5C684C7E621B}.Debug|Any CPU.Build.0 = Debug|Any CPU
		{959F78B4-43D4-46F0-AB47-5C684C7E621B}.Release|Any CPU.ActiveCfg = Release|Any CPU
		{959F78B4-43D4-46F0-AB47-5C684C7E621B}.Release|Any CPU.Build.0 = Release|Any CPU
		{382205CF-B354-42C6-92D1-EEF16FE345DC}.Debug|Any CPU.ActiveCfg = Debug|Any CPU
		{382205CF-B354-42C6-92D1-EEF16FE345DC}.Debug|Any CPU.Build.0 = Debug|Any CPU
		{382205CF-B354-42C6-92D1-EEF16FE345DC}.Release|Any CPU.ActiveCfg = Release|Any CPU
		{382205CF-B354-42C6-92D1-EEF16FE345DC}.Release|Any CPU.Build.0 = Release|Any CPU
		{06A288B8-0557-46FF-81F2-651AABB889DE}.Debug|Any CPU.ActiveCfg = Debug|Any CPU
		{06A288B8-0557-46FF-81F2-651AABB889DE}.Debug|Any CPU.Build.0 = Debug|Any CPU
		{06A288B8-0557-46FF-81F2-651AABB889DE}.Release|Any CPU.ActiveCfg = Release|Any CPU
		{06A288B8-0557-46FF-81F2-651AABB889DE}.Release|Any CPU.Build.0 = Release|Any CPU
		{F7E10C0F-EAEE-4FFA-8529-3306FC561249}.Debug|Any CPU.ActiveCfg = Debug|Any CPU
		{F7E10C0F-EAEE-4FFA-8529-3306FC561249}.Debug|Any CPU.Build.0 = Debug|Any CPU
		{F7E10C0F-EAEE-4FFA-8529-3306FC561249}.Release|Any CPU.ActiveCfg = Release|Any CPU
		{F7E10C0F-EAEE-4FFA-8529-3306FC561249}.Release|Any CPU.Build.0 = Release|Any CPU
		{E57DCD81-725F-450F-B64E-731E17D6BAE1}.Debug|Any CPU.ActiveCfg = Debug|Any CPU
		{E57DCD81-725F-450F-B64E-731E17D6BAE1}.Debug|Any CPU.Build.0 = Debug|Any CPU
		{E57DCD81-725F-450F-B64E-731E17D6BAE1}.Release|Any CPU.ActiveCfg = Release|Any CPU
		{E57DCD81-725F-450F-B64E-731E17D6BAE1}.Release|Any CPU.Build.0 = Release|Any CPU
		{7B35F69B-7CC3-4FD6-9C16-B31A613F80C3}.Debug|Any CPU.ActiveCfg = Debug|Any CPU
		{7B35F69B-7CC3-4FD6-9C16-B31A613F80C3}.Debug|Any CPU.Build.0 = Debug|Any CPU
		{7B35F69B-7CC3-4FD6-9C16-B31A613F80C3}.Release|Any CPU.ActiveCfg = Release|Any CPU
		{7B35F69B-7CC3-4FD6-9C16-B31A613F80C3}.Release|Any CPU.Build.0 = Release|Any CPU
		{EBDDB618-A1D6-43BE-A990-7463203AF8EC}.Debug|Any CPU.ActiveCfg = Debug|Any CPU
		{EBDDB618-A1D6-43BE-A990-7463203AF8EC}.Debug|Any CPU.Build.0 = Debug|Any CPU
		{EBDDB618-A1D6-43BE-A990-7463203AF8EC}.Release|Any CPU.ActiveCfg = Release|Any CPU
		{EBDDB618-A1D6-43BE-A990-7463203AF8EC}.Release|Any CPU.Build.0 = Release|Any CPU
	EndGlobalSection
	GlobalSection(NestedProjects) = preSolution
		{6E14B881-28C1-4519-9E00-4963F84BA786} = {EA2E37C3-76C8-4F5D-88C0-B533DACDEBAD}
		{C1A9095D-57D3-4B52-880A-12D42A4EA55A} = {EA2E37C3-76C8-4F5D-88C0-B533DACDEBAD}
		{9A3E99DE-0916-43AC-A4A2-3C9C28B441A0} = {EA2E37C3-76C8-4F5D-88C0-B533DACDEBAD}
		{C0355FE0-BB53-4935-9ADB-EBE28250AB02} = {EA2E37C3-76C8-4F5D-88C0-B533DACDEBAD}
		{E1760B19-B8DA-4EF8-BC0E-8B0F35336722} = {EA2E37C3-76C8-4F5D-88C0-B533DACDEBAD}
		{959F78B4-43D4-46F0-AB47-5C684C7E621B} = {EA2E37C3-76C8-4F5D-88C0-B533DACDEBAD}
		{382205CF-B354-42C6-92D1-EEF16FE345DC} = {16F01272-AE7D-4FD2-8DC4-C9F3CDACE13F}
		{06A288B8-0557-46FF-81F2-651AABB889DE} = {16F01272-AE7D-4FD2-8DC4-C9F3CDACE13F}
		{F7E10C0F-EAEE-4FFA-8529-3306FC561249} = {16F01272-AE7D-4FD2-8DC4-C9F3CDACE13F}
		{E57DCD81-725F-450F-B64E-731E17D6BAE1} = {16F01272-AE7D-4FD2-8DC4-C9F3CDACE13F}
		{7B35F69B-7CC3-4FD6-9C16-B31A613F80C3} = {16F01272-AE7D-4FD2-8DC4-C9F3CDACE13F}
		{EBDDB618-A1D6-43BE-A990-7463203AF8EC} = {16F01272-AE7D-4FD2-8DC4-C9F3CDACE13F}
	EndGlobalSection
EndGlobal
